
Microsoft Visual Studio Solution File, Format Version 12.00
# Visual Studio Version 17
VisualStudioVersion = 17.14.36301.6 d17.14
MinimumVisualStudioVersion = 10.0.40219.1
Project("{FAE04EC0-301F-11D3-BF4B-00C04F79EFBC}") = "C# Basics Assignment 05", "C# Basics Assignment 05\C# Basics Assignment 05.csproj", "{82DBE3C2-FA38-44F2-BAEB-1B6496B56391}"
EndProject
Global
	GlobalSection(SolutionConfigurationPlatforms) = preSolution
		Debug|Any CPU = Debug|Any CPU
		Release|Any CPU = Release|Any CPU
	EndGlobalSection
	GlobalSection(ProjectConfigurationPlatforms) = postSolution
		{82DBE3C2-FA38-44F2-BAEB-1B6496B56391}.Debug|Any CPU.ActiveCfg = Debug|Any CPU
		{82DBE3C2-FA38-44F2-BAEB-1B6496B56391}.Debug|Any CPU.Build.0 = Debug|Any CPU
		{82DBE3C2-FA38-44F2-BAEB-1B6496B56391}.Release|Any CPU.ActiveCfg = Release|Any CPU
		{82DBE3C2-FA38-44F2-BAEB-1B6496B56391}.Release|Any CPU.Build.0 = Release|Any CPU
	EndGlobalSection
	GlobalSection(SolutionProperties) = preSolution
		HideSolutionNode = FALSE
	EndGlobalSection
	GlobalSection(ExtensibilityGlobals) = postSolution
		SolutionGuid = {5D32064F-949A-4B99-9F67-E6CE36EE0E1E}
	EndGlobalSection
EndGlobal
